{
  "nodes": {
    "nixpkgs": {
      "locked": {
        "lastModified": 1789149629,
        "narHash": "sha256-H6GwaZzZf+4npqv0tph94w9tZddSjFjmQrVsW0z78uk=",
        "owner": "NixOS",
        "repo": "nixpkgs",
        "rev": "eaad089433ca2bb662274377d33df3d0e51ef28b",
        "type": "github"
      },
      "original": {
        "owner": "NixOS",
        "ref": "nixos-unstable",
        "repo": "nixpkgs",
        "type": "github"
      }
    },
    "publisher": {
      "inputs": {
        "nixpkgs": "nixpkgs"
      },
      "locked": {
        "dir": "labs/publisher",
        "lastModified": 1789595427,
        "narHash": "sha256-L6TyJXTFZ1qkWcF4Kb3sGqNNrGjfb1O34sLvkiUwcDk=",
        "owner": "h0ffmann",
        "repo": "nix-config",
        "rev": "1711d14264e162eef4046eb8edca843db758e906",
        "type": "github"
      },
      "original": {
        "dir": "labs/publisher",
        "owner": "h0ffmann",
        "repo": "nix-config",
        "type": "github"
      }
    },
    "root": {
      "inputs": {
        "nixpkgs": [
          "publisher",
          "nixpkgs"
        ],
        "publisher": "publisher"
      }
    }
  },
  "root": "root",
  "version": 7
}
